
Microsoft Visual Studio Solution File, Format Version 12.00
# Visual Studio Version 17
VisualStudioVersion = 17.8.34601.278
MinimumVisualStudioVersion = 10.0.40219.1
Project("{FAE04EC0-301F-11D3-BF4B-00C04F79EFBC}") = "filmesApp2B", "filmesApp2B\filmesApp2B.csproj", "{927CB444-6704-45E4-A0B3-A61F3CADB62A}"
EndProject
Global
	GlobalSection(SolutionConfigurationPlatforms) = preSolution
		Debug|Any CPU = Debug|Any CPU
		Release|Any CPU = Release|Any CPU
	EndGlobalSection
	GlobalSection(ProjectConfigurationPlatforms) = postSolution
		{927CB444-6704-45E4-A0B3-A61F3CADB62A}.Debug|Any CPU.ActiveCfg = Debug|Any CPU
		{927CB444-6704-45E4-A0B3-A61F3CADB62A}.Debug|Any CPU.Build.0 = Debug|Any CPU
		{927CB444-6704-45E4-A0B3-A61F3CADB62A}.Release|Any CPU.ActiveCfg = Release|Any CPU
		{927CB444-6704-45E4-A0B3-A61F3CADB62A}.Release|Any CPU.Build.0 = Release|Any CPU
	EndGlobalSection
	GlobalSection(SolutionProperties) = preSolution
		HideSolutionNode = FALSE
	EndGlobalSection
	GlobalSection(ExtensibilityGlobals) = postSolution
		SolutionGuid = {0E379A82-1822-480B-A744-7C9F1220A02E}
	EndGlobalSection
EndGlobal
